
Microsoft Visual Studio Solution File, Format Version 12.00
# Visual Studio Version 17
VisualStudioVersion = 17.13.35931.197 d17.13
MinimumVisualStudioVersion = 10.0.40219.1
Project("{FAE04EC0-301F-11D3-BF4B-00C04F79EFBC}") = "pruebaTP1", "pruebaTP1\pruebaTP1.csproj", "{D9938558-7CA1-4D6A-8D42-F2F06520009F}"
EndProject
Global
	GlobalSection(SolutionConfigurationPlatforms) = preSolution
		Debug|Any CPU = Debug|Any CPU
		Release|Any CPU = Release|Any CPU
	EndGlobalSection
	GlobalSection(ProjectConfigurationPlatforms) = postSolution
		{D9938558-7CA1-4D6A-8D42-F2F06520009F}.Debug|Any CPU.ActiveCfg = Debug|Any CPU
		{D9938558-7CA1-4D6A-8D42-F2F06520009F}.Debug|Any CPU.Build.0 = Debug|Any CPU
		{D9938558-7CA1-4D6A-8D42-F2F06520009F}.Release|Any CPU.ActiveCfg = Release|Any CPU
		{D9938558-7CA1-4D6A-8D42-F2F06520009F}.Release|Any CPU.Build.0 = Release|Any CPU
	EndGlobalSection
	GlobalSection(SolutionProperties) = preSolution
		HideSolutionNode = FALSE
	EndGlobalSection
	GlobalSection(ExtensibilityGlobals) = postSolution
		SolutionGuid = {C164C6A3-3D4B-4B29-8781-EFD3B99673FA}
	EndGlobalSection
EndGlobal
